
Microsoft Visual Studio Solution File, Format Version 12.00
# Visual Studio Version 17
VisualStudioVersion = 17.8.34601.278
MinimumVisualStudioVersion = 10.0.40219.1
Project("{FAE04EC0-301F-11D3-BF4B-00C04F79EFBC}") = "AgriculturePresentation", "AgriculturePresentation\AgriculturePresentation.csproj", "{DE6B4ACE-1EE8-4521-950F-D336886078DE}"
EndProject
Project("{FAE04EC0-301F-11D3-BF4B-00C04F79EFBC}") = "EntityLayer", "EntityLayer\EntityLayer.csproj", "{7695A8EB-4EB1-4120-BD0D-219169A8BA52}"
EndProject
Project("{FAE04EC0-301F-11D3-BF4B-00C04F79EFBC}") = "DataAccessLayer", "DataAccessLayer\DataAccessLayer.csproj", "{A737E8B2-2F1B-44E6-98F2-92CBEE59BFB0}"
EndProject
Project("{FAE04EC0-301F-11D3-BF4B-00C04F79EFBC}") = "BusinessLayer", "BusinessLayer\BusinessLayer.csproj", "{62F0C8E0-B576-4AD0-86D1-71C1B373F578}"
EndProject
Global
	GlobalSection(SolutionConfigurationPlatforms) = preSolution
		Debug|Any CPU = Debug|Any CPU
		Release|Any CPU = Release|Any CPU
	EndGlobalSection
	GlobalSection(ProjectConfigurationPlatforms) = postSolution
		{DE6B4ACE-1EE8-4521-950F-D336886078DE}.Debug|Any CPU.ActiveCfg = Debug|Any CPU
		{DE6B4ACE-1EE8-4521-950F-D336886078DE}.Debug|Any CPU.Build.0 = Debug|Any CPU
		{DE6B4ACE-1EE8-4521-950F-D336886078DE}.Release|Any CPU.ActiveCfg = Release|Any CPU
		{DE6B4ACE-1EE8-4521-950F-D336886078DE}.Release|Any CPU.Build.0 = Release|Any CPU
		{7695A8EB-4EB1-4120-BD0D-219169A8BA52}.Debug|Any CPU.ActiveCfg = Debug|Any CPU
		{7695A8EB-4EB1-4120-BD0D-219169A8BA52}.Debug|Any CPU.Build.0 = Debug|Any CPU
		{7695A8EB-4EB1-4120-BD0D-219169A8BA52}.Release|Any CPU.ActiveCfg = Release|Any CPU
		{7695A8EB-4EB1-4120-BD0D-219169A8BA52}.Release|Any CPU.Build.0 = Release|Any CPU
		{A737E8B2-2F1B-44E6-98F2-92CBEE59BFB0}.Debug|Any CPU.ActiveCfg = Debug|Any CPU
		{A737E8B2-2F1B-44E6-98F2-92CBEE59BFB0}.Debug|Any CPU.Build.0 = Debug|Any CPU
		{A737E8B2-2F1B-44E6-98F2-92CBEE59BFB0}.Release|Any CPU.ActiveCfg = Release|Any CPU
		{A737E8B2-2F1B-44E6-98F2-92CBEE59BFB0}.Release|Any CPU.Build.0 = Release|Any CPU
		{62F0C8E0-B576-4AD0-86D1-71C1B373F578}.Debug|Any CPU.ActiveCfg = Debug|Any CPU
		{62F0C8E0-B576-4AD0-86D1-71C1B373F578}.Debug|Any CPU.Build.0 = Debug|Any CPU
		{62F0C8E0-B576-4AD0-86D1-71C1B373F578}.Release|Any CPU.ActiveCfg = Release|Any CPU
		{62F0C8E0-B576-4AD0-86D1-71C1B373F578}.Release|Any CPU.Build.0 = Release|Any CPU
	EndGlobalSection
	GlobalSection(SolutionProperties) = preSolution
		HideSolutionNode = FALSE
	EndGlobalSection
	GlobalSection(ExtensibilityGlobals) = postSolution
		SolutionGuid = {84673174-4BBD-45D3-98DB-2DCC35DAFA6C}
	EndGlobalSection
EndGlobal
